
Microsoft Visual Studio Solution File, Format Version 12.00
# Visual Studio Version 17
VisualStudioVersion = 17.14.36511.14
MinimumVisualStudioVersion = 10.0.40219.1
Project("{FAE04EC0-301F-11D3-BF4B-00C04F79EFBC}") = "PoMoyka.Backend.API", "PoMoyka.Backend.API\PoMoyka.Backend.API.csproj", "{E542EBF5-F170-4963-A95C-91201BF49CE8}"
EndProject
Project("{FAE04EC0-301F-11D3-BF4B-00C04F79EFBC}") = "PoMoyka.Backend.Domain", "Domain\PoMoyka.Backend.Domain.csproj", "{8BCB8892-91B2-4E06-A2EB-765930B07757}"
EndProject
Global
	GlobalSection(SolutionConfigurationPlatforms) = preSolution
		Debug|Any CPU = Debug|Any CPU
		Release|Any CPU = Release|Any CPU
	EndGlobalSection
	GlobalSection(ProjectConfigurationPlatforms) = postSolution
		{E542EBF5-F170-4963-A95C-91201BF49CE8}.Debug|Any CPU.ActiveCfg = Debug|Any CPU
		{E542EBF5-F170-4963-A95C-91201BF49CE8}.Debug|Any CPU.Build.0 = Debug|Any CPU
		{E542EBF5-F170-4963-A95C-91201BF49CE8}.Release|Any CPU.ActiveCfg = Release|Any CPU
		{E542EBF5-F170-4963-A95C-91201BF49CE8}.Release|Any CPU.Build.0 = Release|Any CPU
		{8BCB8892-91B2-4E06-A2EB-765930B07757}.Debug|Any CPU.ActiveCfg = Debug|Any CPU
		{8BCB8892-91B2-4E06-A2EB-765930B07757}.Debug|Any CPU.Build.0 = Debug|Any CPU
		{8BCB8892-91B2-4E06-A2EB-765930B07757}.Release|Any CPU.ActiveCfg = Release|Any CPU
		{8BCB8892-91B2-4E06-A2EB-765930B07757}.Release|Any CPU.Build.0 = Release|Any CPU
	EndGlobalSection
	GlobalSection(SolutionProperties) = preSolution
		HideSolutionNode = FALSE
	EndGlobalSection
	GlobalSection(ExtensibilityGlobals) = postSolution
		SolutionGuid = {6DFE7C24-34A3-4322-96A4-C20E14BF3F63}
	EndGlobalSection
EndGlobal
